// !$*UTF8*$!
{
	archiveVersion = 1;
	classes = {
	};
	objectVersion = 56;
	objects = {

/* Begin PBXBuildFile section */
		0C8981F02B466223008CFD5D /* FlossRecord.swift in Sources */ = {isa = PBXBuildFile; fileRef = 0C8981EF2B466223008CFD5D /* FlossRecord.swift */; };
		0C8981F42B4667AC008CFD5D /* FlossRecordDataSouce.swift in Sources */ = {isa = PBXBuildFile; fileRef = 0C8981F32B4667AC008CFD5D /* FlossRecordDataSouce.swift */; };
		561DBA7C2B45DCF10052EE78 /* BackgroundView.swift in Sources */ = {isa = PBXBuildFile; fileRef = 561DBA7B2B45DCF10052EE78 /* BackgroundView.swift */; };
		5625BFD52B439A5C006F88BD /* README.md in Resources */ = {isa = PBXBuildFile; fileRef = 5625BFD42B439A5C006F88BD /* README.md */; };
		562749CC2B43A5C2004F37A0 /* Borel-Regular.ttf in Resources */ = {isa = PBXBuildFile; fileRef = 562749CB2B43A5C1004F37A0 /* Borel-Regular.ttf */; };
		562749D02B43AD61004F37A0 /* Constants.swift in Sources */ = {isa = PBXBuildFile; fileRef = 562749CF2B43AD61004F37A0 /* Constants.swift */; };
		566FF8CB2B439FB70056644A /* HomeScreenView.swift in Sources */ = {isa = PBXBuildFile; fileRef = 566FF8CA2B439FB70056644A /* HomeScreenView.swift */; };
		567999182B447E7A00941D75 /* ToothView.swift in Sources */ = {isa = PBXBuildFile; fileRef = 567999172B447E7A00941D75 /* ToothView.swift */; };
		56C33DF72B3CAA1000D8DEB7 /* DidIFlossApp.swift in Sources */ = {isa = PBXBuildFile; fileRef = 56C33DF62B3CAA1000D8DEB7 /* DidIFlossApp.swift */; };
		56C33DF92B3CAA1000D8DEB7 /* ContentView.swift in Sources */ = {isa = PBXBuildFile; fileRef = 56C33DF82B3CAA1000D8DEB7 /* ContentView.swift */; };
		56C33DFB2B3CAA1500D8DEB7 /* Assets.xcassets in Resources */ = {isa = PBXBuildFile; fileRef = 56C33DFA2B3CAA1500D8DEB7 /* Assets.xcassets */; };
		56C33DFF2B3CAA1500D8DEB7 /* Preview Assets.xcassets in Resources */ = {isa = PBXBuildFile; fileRef = 56C33DFE2B3CAA1500D8DEB7 /* Preview Assets.xcassets */; };
		56C33E082B3CAC8800D8DEB7 /* ContentViewModel.swift in Sources */ = {isa = PBXBuildFile; fileRef = 56C33E072B3CAC8800D8DEB7 /* ContentViewModel.swift */; };
		56C33E0A2B3CCA9E00D8DEB7 /* PersistanceManager.swift in Sources */ = {isa = PBXBuildFile; fileRef = 56C33E092B3CCA9E00D8DEB7 /* PersistanceManager.swift */; };
/* End PBXBuildFile section */

/* Begin PBXFileReference section */
		0C8981EF2B466223008CFD5D /* FlossRecord.swift */ = {isa = PBXFileReference; lastKnownFileType = sourcecode.swift; path = FlossRecord.swift; sourceTree = "<group>"; };
		0C8981F32B4667AC008CFD5D /* FlossRecordDataSouce.swift */ = {isa = PBXFileReference; lastKnownFileType = sourcecode.swift; path = FlossRecordDataSouce.swift; sourceTree = "<group>"; };
		561DBA7B2B45DCF10052EE78 /* BackgroundView.swift */ = {isa = PBXFileReference; lastKnownFileType = sourcecode.swift; path = BackgroundView.swift; sourceTree = "<group>"; };
		5625BFD42B439A5C006F88BD /* README.md */ = {isa = PBXFileReference; fileEncoding = 4; lastKnownFileType = net.daringfireball.markdown; path = README.md; sourceTree = "<group>"; };
		562749CB2B43A5C1004F37A0 /* Borel-Regular.ttf */ = {isa = PBXFileReference; lastKnownFileType = file; path = "Borel-Regular.ttf"; sourceTree = "<group>"; };
		562749CE2B43A64C004F37A0 /* Info.plist */ = {isa = PBXFileReference; lastKnownFileType = text.plist; path = Info.plist; sourceTree = "<group>"; };
		562749CF2B43AD61004F37A0 /* Constants.swift */ = {isa = PBXFileReference; lastKnownFileType = sourcecode.swift; path = Constants.swift; sourceTree = "<group>"; };
		566FF8CA2B439FB70056644A /* HomeScreenView.swift */ = {isa = PBXFileReference; lastKnownFileType = sourcecode.swift; path = HomeScreenView.swift; sourceTree = "<group>"; };
		567999172B447E7A00941D75 /* ToothView.swift */ = {isa = PBXFileReference; lastKnownFileType = sourcecode.swift; path = ToothView.swift; sourceTree = "<group>"; };
		56C33DF32B3CAA1000D8DEB7 /* DidIFloss.app */ = {isa = PBXFileReference; explicitFileType = wrapper.application; includeInIndex = 0; path = DidIFloss.app; sourceTree = BUILT_PRODUCTS_DIR; };
		56C33DF62B3CAA1000D8DEB7 /* DidIFlossApp.swift */ = {isa = PBXFileReference; lastKnownFileType = sourcecode.swift; path = DidIFlossApp.swift; sourceTree = "<group>"; };
		56C33DF82B3CAA1000D8DEB7 /* ContentView.swift */ = {isa = PBXFileReference; lastKnownFileType = sourcecode.swift; path = ContentView.swift; sourceTree = "<group>"; };
		56C33DFA2B3CAA1500D8DEB7 /* Assets.xcassets */ = {isa = PBXFileReference; lastKnownFileType = folder.assetcatalog; path = Assets.xcassets; sourceTree = "<group>"; };
		56C33DFC2B3CAA1500D8DEB7 /* DidIFloss.entitlements */ = {isa = PBXFileReference; lastKnownFileType = text.plist.entitlements; path = DidIFloss.entitlements; sourceTree = "<group>"; };
		56C33DFE2B3CAA1500D8DEB7 /* Preview Assets.xcassets */ = {isa = PBXFileReference; lastKnownFileType = folder.assetcatalog; path = "Preview Assets.xcassets"; sourceTree = "<group>"; };
		56C33E072B3CAC8800D8DEB7 /* ContentViewModel.swift */ = {isa = PBXFileReference; lastKnownFileType = sourcecode.swift; path = ContentViewModel.swift; sourceTree = "<group>"; };
		56C33E092B3CCA9E00D8DEB7 /* PersistanceManager.swift */ = {isa = PBXFileReference; lastKnownFileType = sourcecode.swift; path = PersistanceManager.swift; sourceTree = "<group>"; };
/* End PBXFileReference section */

/* Begin PBXFrameworksBuildPhase section */
		56C33DF02B3CAA1000D8DEB7 /* Frameworks */ = {
			isa = PBXFrameworksBuildPhase;
			buildActionMask = 2147483647;
			files = (
			);
			runOnlyForDeploymentPostprocessing = 0;
		};
/* End PBXFrameworksBuildPhase section */

/* Begin PBXGroup section */
		0C8981F12B4662F0008CFD5D /* Model */ = {
			isa = PBXGroup;
			children = (
				0C8981EF2B466223008CFD5D /* FlossRecord.swift */,
			);
			path = Model;
			sourceTree = "<group>";
		};
		0C8981F22B466306008CFD5D /* Service */ = {
			isa = PBXGroup;
			children = (
				56C33E092B3CCA9E00D8DEB7 /* PersistanceManager.swift */,
				0C8981F32B4667AC008CFD5D /* FlossRecordDataSouce.swift */,
			);
			path = Service;
			sourceTree = "<group>";
		};
		562749CD2B43A603004F37A0 /* Fonts */ = {
			isa = PBXGroup;
			children = (
				562749CB2B43A5C1004F37A0 /* Borel-Regular.ttf */,
			);
			path = Fonts;
			sourceTree = "<group>";
		};
		567999192B4480A500941D75 /* Views */ = {
			isa = PBXGroup;
			children = (
				56C33DF82B3CAA1000D8DEB7 /* ContentView.swift */,
				566FF8CA2B439FB70056644A /* HomeScreenView.swift */,
				5679991A2B4480C200941D75 /* Components */,
			);
			path = Views;
			sourceTree = "<group>";
		};
		5679991A2B4480C200941D75 /* Components */ = {
			isa = PBXGroup;
			children = (
				567999172B447E7A00941D75 /* ToothView.swift */,
				561DBA7B2B45DCF10052EE78 /* BackgroundView.swift */,
			);
			path = Components;
			sourceTree = "<group>";
		};
		5679991B2B4480F400941D75 /* ViewModels */ = {
			isa = PBXGroup;
			children = (
				56C33E072B3CAC8800D8DEB7 /* ContentViewModel.swift */,
			);
			path = ViewModels;
			sourceTree = "<group>";
		};
		56C33DEA2B3CAA1000D8DEB7 = {
			isa = PBXGroup;
			children = (
				5625BFD42B439A5C006F88BD /* README.md */,
				56C33DF52B3CAA1000D8DEB7 /* DidIFloss */,
				56C33DF42B3CAA1000D8DEB7 /* Products */,
			);
			sourceTree = "<group>";
		};
		56C33DF42B3CAA1000D8DEB7 /* Products */ = {
			isa = PBXGroup;
			children = (
				56C33DF32B3CAA1000D8DEB7 /* DidIFloss.app */,
			);
			name = Products;
			sourceTree = "<group>";
		};
		56C33DF52B3CAA1000D8DEB7 /* DidIFloss */ = {
			isa = PBXGroup;
			children = (
				562749CE2B43A64C004F37A0 /* Info.plist */,
				56C33DF62B3CAA1000D8DEB7 /* DidIFlossApp.swift */,
				0C8981F22B466306008CFD5D /* Service */,
				0C8981F12B4662F0008CFD5D /* Model */,
				567999192B4480A500941D75 /* Views */,
				5679991B2B4480F400941D75 /* ViewModels */,
				56C33DFA2B3CAA1500D8DEB7 /* Assets.xcassets */,
				562749CF2B43AD61004F37A0 /* Constants.swift */,
				56C33DFC2B3CAA1500D8DEB7 /* DidIFloss.entitlements */,
				562749CD2B43A603004F37A0 /* Fonts */,
				56C33DFD2B3CAA1500D8DEB7 /* Preview Content */,
			);
			path = DidIFloss;
			sourceTree = "<group>";
		};
		56C33DFD2B3CAA1500D8DEB7 /* Preview Content */ = {
			isa = PBXGroup;
			children = (
				56C33DFE2B3CAA1500D8DEB7 /* Preview Assets.xcassets */,
			);
			path = "Preview Content";
			sourceTree = "<group>";
		};
/* End PBXGroup section */

/* Begin PBXNativeTarget section */
		56C33DF22B3CAA1000D8DEB7 /* DidIFloss */ = {
			isa = PBXNativeTarget;
			buildConfigurationList = 56C33E022B3CAA1500D8DEB7 /* Build configuration list for PBXNativeTarget "DidIFloss" */;
			buildPhases = (
				56C33DEF2B3CAA1000D8DEB7 /* Sources */,
				56C33DF02B3CAA1000D8DEB7 /* Frameworks */,
				56C33DF12B3CAA1000D8DEB7 /* Resources */,
			);
			buildRules = (
			);
			dependencies = (
			);
			name = DidIFloss;
			productName = DidIFloss;
			productReference = 56C33DF32B3CAA1000D8DEB7 /* DidIFloss.app */;
			productType = "com.apple.product-type.application";
		};
/* End PBXNativeTarget section */

/* Begin PBXProject section */
		56C33DEB2B3CAA1000D8DEB7 /* Project object */ = {
			isa = PBXProject;
			attributes = {
				BuildIndependentTargetsInParallel = 1;
				LastSwiftUpdateCheck = 1510;
				LastUpgradeCheck = 1510;
				TargetAttributes = {
					56C33DF22B3CAA1000D8DEB7 = {
						CreatedOnToolsVersion = 15.1;
					};
				};
			};
			buildConfigurationList = 56C33DEE2B3CAA1000D8DEB7 /* Build configuration list for PBXProject "DidIFloss" */;
			compatibilityVersion = "Xcode 14.0";
			developmentRegion = en;
			hasScannedForEncodings = 0;
			knownRegions = (
				en,
				Base,
			);
			mainGroup = 56C33DEA2B3CAA1000D8DEB7;
			productRefGroup = 56C33DF42B3CAA1000D8DEB7 /* Products */;
			projectDirPath = "";
			projectRoot = "";
			targets = (
				56C33DF22B3CAA1000D8DEB7 /* DidIFloss */,
			);
		};
/* End PBXProject section */

/* Begin PBXResourcesBuildPhase section */
		56C33DF12B3CAA1000D8DEB7 /* Resources */ = {
			isa = PBXResourcesBuildPhase;
			buildActionMask = 2147483647;
			files = (
				562749CC2B43A5C2004F37A0 /* Borel-Regular.ttf in Resources */,
				5625BFD52B439A5C006F88BD /* README.md in Resources */,
				56C33DFF2B3CAA1500D8DEB7 /* Preview Assets.xcassets in Resources */,
				56C33DFB2B3CAA1500D8DEB7 /* Assets.xcassets in Resources */,
			);
			runOnlyForDeploymentPostprocessing = 0;
		};
/* End PBXResourcesBuildPhase section */

/* Begin PBXSourcesBuildPhase section */
		56C33DEF2B3CAA1000D8DEB7 /* Sources */ = {
			isa = PBXSourcesBuildPhase;
			buildActionMask = 2147483647;
			files = (
				567999182B447E7A00941D75 /* ToothView.swift in Sources */,
				56C33DF92B3CAA1000D8DEB7 /* ContentView.swift in Sources */,
				561DBA7C2B45DCF10052EE78 /* BackgroundView.swift in Sources */,
				56C33DF72B3CAA1000D8DEB7 /* DidIFlossApp.swift in Sources */,
				0C8981F02B466223008CFD5D /* FlossRecord.swift in Sources */,
				566FF8CB2B439FB70056644A /* HomeScreenView.swift in Sources */,
				0C8981F42B4667AC008CFD5D /* FlossRecordDataSouce.swift in Sources */,
				56C33E082B3CAC8800D8DEB7 /* ContentViewModel.swift in Sources */,
				56C33E0A2B3CCA9E00D8DEB7 /* PersistanceManager.swift in Sources */,
				562749D02B43AD61004F37A0 /* Constants.swift in Sources */,
			);
			runOnlyForDeploymentPostprocessing = 0;
		};
/* End PBXSourcesBuildPhase section */

/* Begin XCBuildConfiguration section */
		56C33E002B3CAA1500D8DEB7 /* Debug */ = {
			isa = XCBuildConfiguration;
			buildSettings = {
				ALWAYS_SEARCH_USER_PATHS = NO;
				ASSETCATALOG_COMPILER_GENERATE_SWIFT_ASSET_SYMBOL_EXTENSIONS = YES;
				CLANG_ANALYZER_NONNULL = YES;
				CLANG_ANALYZER_NUMBER_OBJECT_CONVERSION = YES_AGGRESSIVE;
				CLANG_CXX_LANGUAGE_STANDARD = "gnu++20";
				CLANG_ENABLE_MODULES = YES;
				CLANG_ENABLE_OBJC_ARC = YES;
				CLANG_ENABLE_OBJC_WEAK = YES;
				CLANG_WARN_BLOCK_CAPTURE_AUTORELEASING = YES;
				CLANG_WARN_BOOL_CONVERSION = YES;
				CLANG_WARN_COMMA = YES;
				CLANG_WARN_CONSTANT_CONVERSION = YES;
				CLANG_WARN_DEPRECATED_OBJC_IMPLEMENTATIONS = YES;
				CLANG_WARN_DIRECT_OBJC_ISA_USAGE = YES_ERROR;
				CLANG_WARN_DOCUMENTATION_COMMENTS = YES;
				CLANG_WARN_EMPTY_BODY = YES;
				CLANG_WARN_ENUM_CONVERSION = YES;
				CLANG_WARN_INFINITE_RECURSION = YES;
				CLANG_WARN_INT_CONVERSION = YES;
				CLANG_WARN_NON_LITERAL_NULL_CONVERSION = YES;
				CLANG_WARN_OBJC_IMPLICIT_RETAIN_SELF = YES;
				CLANG_WARN_OBJC_LITERAL_CONVERSION = YES;
				CLANG_WARN_OBJC_ROOT_CLASS = YES_ERROR;
				CLANG_WARN_QUOTED_INCLUDE_IN_FRAMEWORK_HEADER = YES;
				CLANG_WARN_RANGE_LOOP_ANALYSIS = YES;
				CLANG_WARN_STRICT_PROTOTYPES = YES;
				CLANG_WARN_SUSPICIOUS_MOVE = YES;
				CLANG_WARN_UNGUARDED_AVAILABILITY = YES_AGGRESSIVE;
				CLANG_WARN_UNREACHABLE_CODE = YES;
				CLANG_WARN__DUPLICATE_METHOD_MATCH = YES;
				COPY_PHASE_STRIP = NO;
				DEBUG_INFORMATION_FORMAT = dwarf;
				ENABLE_STRICT_OBJC_MSGSEND = YES;
				ENABLE_TESTABILITY = YES;
				ENABLE_USER_SCRIPT_SANDBOXING = YES;
				GCC_C_LANGUAGE_STANDARD = gnu17;
				GCC_DYNAMIC_NO_PIC = NO;
				GCC_NO_COMMON_BLOCKS = YES;
				GCC_OPTIMIZATION_LEVEL = 0;
				GCC_PREPROCESSOR_DEFINITIONS = (
					"DEBUG=1",
					"$(inherited)",
				);
				GCC_WARN_64_TO_32_BIT_CONVERSION = YES;
				GCC_WARN_ABOUT_RETURN_TYPE = YES_ERROR;
				GCC_WARN_UNDECLARED_SELECTOR = YES;
				GCC_WARN_UNINITIALIZED_AUTOS = YES_AGGRESSIVE;
				GCC_WARN_UNUSED_FUNCTION = YES;
				GCC_WARN_UNUSED_VARIABLE = YES;
				LOCALIZATION_PREFERS_STRING_CATALOGS = YES;
				MTL_ENABLE_DEBUG_INFO = INCLUDE_SOURCE;
				MTL_FAST_MATH = YES;
				ONLY_ACTIVE_ARCH = YES;
				SWIFT_ACTIVE_COMPILATION_CONDITIONS = "DEBUG $(inherited)";
				SWIFT_OPTIMIZATION_LEVEL = "-Onone";
			};
			name = Debug;
		};
		56C33E012B3CAA1500D8DEB7 /* Release */ = {
			isa = XCBuildConfiguration;
			buildSettings = {
				ALWAYS_SEARCH_USER_PATHS = NO;
				ASSETCATALOG_COMPILER_GENERATE_SWIFT_ASSET_SYMBOL_EXTENSIONS = YES;
				CLANG_ANALYZER_NONNULL = YES;
				CLANG_ANALYZER_NUMBER_OBJECT_CONVERSION = YES_AGGRESSIVE;
				CLANG_CXX_LANGUAGE_STANDARD = "gnu++20";
				CLANG_ENABLE_MODULES = YES;
				CLANG_ENABLE_OBJC_ARC = YES;
				CLANG_ENABLE_OBJC_WEAK = YES;
				CLANG_WARN_BLOCK_CAPTURE_AUTORELEASING = YES;
				CLANG_WARN_BOOL_CONVERSION = YES;
				CLANG_WARN_COMMA = YES;
				CLANG_WARN_CONSTANT_CONVERSION = YES;
				CLANG_WARN_DEPRECATED_OBJC_IMPLEMENTATIONS = YES;
				CLANG_WARN_DIRECT_OBJC_ISA_USAGE = YES_ERROR;
				CLANG_WARN_DOCUMENTATION_COMMENTS = YES;
				CLANG_WARN_EMPTY_BODY = YES;
				CLANG_WARN_ENUM_CONVERSION = YES;
				CLANG_WARN_INFINITE_RECURSION = YES;
				CLANG_WARN_INT_CONVERSION = YES;
				CLANG_WARN_NON_LITERAL_NULL_CONVERSION = YES;
				CLANG_WARN_OBJC_IMPLICIT_RETAIN_SELF = YES;
				CLANG_WARN_OBJC_LITERAL_CONVERSION = YES;
				CLANG_WARN_OBJC_ROOT_CLASS = YES_ERROR;
				CLANG_WARN_QUOTED_INCLUDE_IN_FRAMEWORK_HEADER = YES;
				CLANG_WARN_RANGE_LOOP_ANALYSIS = YES;
				CLANG_WARN_STRICT_PROTOTYPES = YES;
				CLANG_WARN_SUSPICIOUS_MOVE = YES;
				CLANG_WARN_UNGUARDED_AVAILABILITY = YES_AGGRESSIVE;
				CLANG_WARN_UNREACHABLE_CODE = YES;
				CLANG_WARN__DUPLICATE_METHOD_MATCH = YES;
				COPY_PHASE_STRIP = NO;
				DEBUG_INFORMATION_FORMAT = "dwarf-with-dsym";
				ENABLE_NS_ASSERTIONS = NO;
				ENABLE_STRICT_OBJC_MSGSEND = YES;
				ENABLE_USER_SCRIPT_SANDBOXING = YES;
				GCC_C_LANGUAGE_STANDARD = gnu17;
				GCC_NO_COMMON_BLOCKS = YES;
				GCC_WARN_64_TO_32_BIT_CONVERSION = YES;
				GCC_WARN_ABOUT_RETURN_TYPE = YES_ERROR;
				GCC_WARN_UNDECLARED_SELECTOR = YES;
				GCC_WARN_UNINITIALIZED_AUTOS = YES_AGGRESSIVE;
				GCC_WARN_UNUSED_FUNCTION = YES;
				GCC_WARN_UNUSED_VARIABLE = YES;
				LOCALIZATION_PREFERS_STRING_CATALOGS = YES;
				MTL_ENABLE_DEBUG_INFO = NO;
				MTL_FAST_MATH = YES;
				SWIFT_COMPILATION_MODE = wholemodule;
			};
			name = Release;
		};
		56C33E032B3CAA1500D8DEB7 /* Debug */ = {
			isa = XCBuildConfiguration;
			buildSettings = {
				ASSETCATALOG_COMPILER_APPICON_NAME = AppIcon;
				ASSETCATALOG_COMPILER_GLOBAL_ACCENT_COLOR_NAME = AccentColor;
				CODE_SIGN_ENTITLEMENTS = DidIFloss/DidIFloss.entitlements;
				CODE_SIGN_STYLE = Automatic;
				CURRENT_PROJECT_VERSION = 1;
				DEVELOPMENT_ASSET_PATHS = "\"DidIFloss/Preview Content\"";
				DEVELOPMENT_TEAM = 749Q737TF5;
				ENABLE_HARDENED_RUNTIME = YES;
				ENABLE_PREVIEWS = YES;
				GENERATE_INFOPLIST_FILE = YES;
				INFOPLIST_FILE = DidIFloss/Info.plist;
				INFOPLIST_KEY_CFBundleDisplayName = "Did I Floss?";
				"INFOPLIST_KEY_UIApplicationSceneManifest_Generation[sdk=iphoneos*]" = YES;
				"INFOPLIST_KEY_UIApplicationSceneManifest_Generation[sdk=iphonesimulator*]" = YES;
				"INFOPLIST_KEY_UIApplicationSupportsIndirectInputEvents[sdk=iphoneos*]" = YES;
				"INFOPLIST_KEY_UIApplicationSupportsIndirectInputEvents[sdk=iphonesimulator*]" = YES;
				"INFOPLIST_KEY_UILaunchScreen_Generation[sdk=iphoneos*]" = YES;
				"INFOPLIST_KEY_UILaunchScreen_Generation[sdk=iphonesimulator*]" = YES;
				"INFOPLIST_KEY_UIStatusBarStyle[sdk=iphoneos*]" = UIStatusBarStyleDefault;
				"INFOPLIST_KEY_UIStatusBarStyle[sdk=iphonesimulator*]" = UIStatusBarStyleDefault;
				INFOPLIST_KEY_UISupportedInterfaceOrientations_iPad = "UIInterfaceOrientationPortrait UIInterfaceOrientationPortraitUpsideDown UIInterfaceOrientationLandscapeLeft UIInterfaceOrientationLandscapeRight";
				INFOPLIST_KEY_UISupportedInterfaceOrientations_iPhone = "UIInterfaceOrientationPortrait UIInterfaceOrientationLandscapeLeft UIInterfaceOrientationLandscapeRight";
				IPHONEOS_DEPLOYMENT_TARGET = 17.2;
				LD_RUNPATH_SEARCH_PATHS = "@executable_path/Frameworks";
				"LD_RUNPATH_SEARCH_PATHS[sdk=macosx*]" = "@executable_path/../Frameworks";
				MACOSX_DEPLOYMENT_TARGET = 13.6;
				MARKETING_VERSION = 1.0;
				PRODUCT_BUNDLE_IDENTIFIER = "Matheus-Migge.DidIFloss";
				PRODUCT_NAME = "$(TARGET_NAME)";
				SDKROOT = auto;
				SUPPORTED_PLATFORMS = "iphoneos iphonesimulator";
				SUPPORTS_MACCATALYST = NO;
				SWIFT_EMIT_LOC_STRINGS = YES;
				SWIFT_VERSION = 5.0;
				TARGETED_DEVICE_FAMILY = "1,2";
			};
			name = Debug;
		};
		56C33E042B3CAA1500D8DEB7 /* Release */ = {
			isa = XCBuildConfiguration;
			buildSettings = {
				ASSETCATALOG_COMPILER_APPICON_NAME = AppIcon;
				ASSETCATALOG_COMPILER_GLOBAL_ACCENT_COLOR_NAME = AccentColor;
				CODE_SIGN_ENTITLEMENTS = DidIFloss/DidIFloss.entitlements;
				CODE_SIGN_STYLE = Automatic;
				CURRENT_PROJECT_VERSION = 1;
				DEVELOPMENT_ASSET_PATHS = "\"DidIFloss/Preview Content\"";
				DEVELOPMENT_TEAM = 749Q737TF5;
				ENABLE_HARDENED_RUNTIME = YES;
				ENABLE_PREVIEWS = YES;
				GENERATE_INFOPLIST_FILE = YES;
				INFOPLIST_FILE = DidIFloss/Info.plist;
				INFOPLIST_KEY_CFBundleDisplayName = "Did I Floss?";
				"INFOPLIST_KEY_UIApplicationSceneManifest_Generation[sdk=iphoneos*]" = YES;
				"INFOPLIST_KEY_UIApplicationSceneManifest_Generation[sdk=iphonesimulator*]" = YES;
				"INFOPLIST_KEY_UIApplicationSupportsIndirectInputEvents[sdk=iphoneos*]" = YES;
				"INFOPLIST_KEY_UIApplicationSupportsIndirectInputEvents[sdk=iphonesimulator*]" = YES;
				"INFOPLIST_KEY_UILaunchScreen_Generation[sdk=iphoneos*]" = YES;
				"INFOPLIST_KEY_UILaunchScreen_Generation[sdk=iphonesimulator*]" = YES;
				"INFOPLIST_KEY_UIStatusBarStyle[sdk=iphoneos*]" = UIStatusBarStyleDefault;
				"INFOPLIST_KEY_UIStatusBarStyle[sdk=iphonesimulator*]" = UIStatusBarStyleDefault;
				INFOPLIST_KEY_UISupportedInterfaceOrientations_iPad = "UIInterfaceOrientationPortrait UIInterfaceOrientationPortraitUpsideDown UIInterfaceOrientationLandscapeLeft UIInterfaceOrientationLandscapeRight";
				INFOPLIST_KEY_UISupportedInterfaceOrientations_iPhone = "UIInterfaceOrientationPortrait UIInterfaceOrientationLandscapeLeft UIInterfaceOrientationLandscapeRight";
				IPHONEOS_DEPLOYMENT_TARGET = 17.2;
				LD_RUNPATH_SEARCH_PATHS = "@executable_path/Frameworks";
				"LD_RUNPATH_SEARCH_PATHS[sdk=macosx*]" = "@executable_path/../Frameworks";
				MACOSX_DEPLOYMENT_TARGET = 13.6;
				MARKETING_VERSION = 1.0;
				PRODUCT_BUNDLE_IDENTIFIER = "Matheus-Migge.DidIFloss";
				PRODUCT_NAME = "$(TARGET_NAME)";
				SDKROOT = auto;
				SUPPORTED_PLATFORMS = "iphoneos iphonesimulator";
				SUPPORTS_MACCATALYST = NO;
				SWIFT_EMIT_LOC_STRINGS = YES;
				SWIFT_VERSION = 5.0;
				TARGETED_DEVICE_FAMILY = "1,2";
			};
			name = Release;
		};
/* End XCBuildConfiguration section */

/* Begin XCConfigurationList section */
		56C33DEE2B3CAA1000D8DEB7 /* Build configuration list for PBXProject "DidIFloss" */ = {
			isa = XCConfigurationList;
			buildConfigurations = (
				56C33E002B3CAA1500D8DEB7 /* Debug */,
				56C33E012B3CAA1500D8DEB7 /* Release */,
			);
			defaultConfigurationIsVisible = 0;
			defaultConfigurationName = Release;
		};
		56C33E022B3CAA1500D8DEB7 /* Build configuration list for PBXNativeTarget "DidIFloss" */ = {
			isa = XCConfigurationList;
			buildConfigurations = (
				56C33E032B3CAA1500D8DEB7 /* Debug */,
				56C33E042B3CAA1500D8DEB7 /* Release */,
			);
			defaultConfigurationIsVisible = 0;
			defaultConfigurationName = Release;
		};
/* End XCConfigurationList section */
	};
	rootObject = 56C33DEB2B3CAA1000D8DEB7 /* Project object */;
}
