// !$*UTF8*$!
{
	archiveVersion = 1;
	classes = {
	};
	objectVersion = 70;
	objects = {

/* Begin PBXBuildFile section */
		0C196DFF2B614E7600EDD0B3 /* Launch Screen.storyboard in Resources */ = {isa = PBXBuildFile; fileRef = 0C196DFE2B614E7600EDD0B3 /* Launch Screen.storyboard */; };
		0C4177AA2B4CF9CB00E8976B /* UserDefaults.swift in Sources */ = {isa = PBXBuildFile; fileRef = 0C4177A92B4CF9CB00E8976B /* UserDefaults.swift */; };
		0C64B4C22FCFC53E007DAD94 /* FlossyNotification in Frameworks */ = {isa = PBXBuildFile; productRef = 0C64B4C12FCFC53E007DAD94 /* FlossyNotification */; };
		0C7E923B2B470DB00079525D /* UserDefaultable.swift in Sources */ = {isa = PBXBuildFile; fileRef = 0C7E923A2B470DB00079525D /* UserDefaultable.swift */; };
		0C7E923D2B470DDB0079525D /* PersistenceManagerProtocol.swift in Sources */ = {isa = PBXBuildFile; fileRef = 0C7E923C2B470DDB0079525D /* PersistenceManagerProtocol.swift */; };
		0C7E923F2B470FD30079525D /* PersistenceManager+KEYS.swift in Sources */ = {isa = PBXBuildFile; fileRef = 0C7E923E2B470FD30079525D /* PersistenceManager+KEYS.swift */; };
		0C7E92462B479E170079525D /* FlossRecordDataProviderProtocol.swift in Sources */ = {isa = PBXBuildFile; fileRef = 0C7E92452B479E170079525D /* FlossRecordDataProviderProtocol.swift */; };
		0C8981F42B4667AC008CFD5D /* FlossRecordDataSource.swift in Sources */ = {isa = PBXBuildFile; fileRef = 0C8981F32B4667AC008CFD5D /* FlossRecordDataSource.swift */; };
		0C90A2F52B6D796800015298 /* PersistenceDelegate.swift in Sources */ = {isa = PBXBuildFile; fileRef = 0C90A2F42B6D796800015298 /* PersistenceDelegate.swift */; };
		0CB26C632BB398A600CB1A43 /* FlossRecordsRepositoryProtocol.swift in Sources */ = {isa = PBXBuildFile; fileRef = 0CB26C622BB398A600CB1A43 /* FlossRecordsRepositoryProtocol.swift */; };
		5625BFD52B439A5C006F88BD /* README.md in Resources */ = {isa = PBXBuildFile; fileRef = 5625BFD42B439A5C006F88BD /* README.md */; };
		56C33DF72B3CAA1000D8DEB7 /* DidIFlossApp.swift in Sources */ = {isa = PBXBuildFile; fileRef = 56C33DF62B3CAA1000D8DEB7 /* DidIFlossApp.swift */; };
		56C33DFB2B3CAA1500D8DEB7 /* Assets.xcassets in Resources */ = {isa = PBXBuildFile; fileRef = 56C33DFA2B3CAA1500D8DEB7 /* Assets.xcassets */; };
		56C33E0A2B3CCA9E00D8DEB7 /* PersistenceManager.swift in Sources */ = {isa = PBXBuildFile; fileRef = 56C33E092B3CCA9E00D8DEB7 /* PersistenceManager.swift */; };
/* End PBXBuildFile section */

/* Begin PBXContainerItemProxy section */
		0C2EF65D2B710E0300AFF9D4 /* PBXContainerItemProxy */ = {
			isa = PBXContainerItemProxy;
			containerPortal = 56C33DEB2B3CAA1000D8DEB7 /* Project object */;
			proxyType = 1;
			remoteGlobalIDString = 56C33DF22B3CAA1000D8DEB7;
			remoteInfo = DidIFloss;
		};
/* End PBXContainerItemProxy section */

/* Begin PBXCopyFilesBuildPhase section */
		0C916C4E2B6C75600041FE3B /* Embed Frameworks */ = {
			isa = PBXCopyFilesBuildPhase;
			buildActionMask = 2147483647;
			dstPath = "";
			dstSubfolderSpec = 10;
			files = (
			);
			name = "Embed Frameworks";
			runOnlyForDeploymentPostprocessing = 0;
		};
/* End PBXCopyFilesBuildPhase section */

/* Begin PBXFileReference section */
		0C196DFE2B614E7600EDD0B3 /* Launch Screen.storyboard */ = {isa = PBXFileReference; lastKnownFileType = file.storyboard; path = "Launch Screen.storyboard"; sourceTree = "<group>"; };
		0C2EF6592B710E0300AFF9D4 /* DidIFlossTests.xctest */ = {isa = PBXFileReference; explicitFileType = wrapper.cfbundle; includeInIndex = 0; path = DidIFlossTests.xctest; sourceTree = BUILT_PRODUCTS_DIR; };
		0C4177A92B4CF9CB00E8976B /* UserDefaults.swift */ = {isa = PBXFileReference; lastKnownFileType = sourcecode.swift; path = UserDefaults.swift; sourceTree = "<group>"; };
		0C64B4BF2FCFC39B007DAD94 /* FlossyNotification */ = {isa = PBXFileReference; lastKnownFileType = wrapper; path = FlossyNotification; sourceTree = "<group>"; };
		0C7E923A2B470DB00079525D /* UserDefaultable.swift */ = {isa = PBXFileReference; lastKnownFileType = sourcecode.swift; path = UserDefaultable.swift; sourceTree = "<group>"; };
		0C7E923C2B470DDB0079525D /* PersistenceManagerProtocol.swift */ = {isa = PBXFileReference; lastKnownFileType = sourcecode.swift; path = PersistenceManagerProtocol.swift; sourceTree = "<group>"; };
		0C7E923E2B470FD30079525D /* PersistenceManager+KEYS.swift */ = {isa = PBXFileReference; lastKnownFileType = sourcecode.swift; path = "PersistenceManager+KEYS.swift"; sourceTree = "<group>"; };
		0C7E92452B479E170079525D /* FlossRecordDataProviderProtocol.swift */ = {isa = PBXFileReference; lastKnownFileType = sourcecode.swift; path = FlossRecordDataProviderProtocol.swift; sourceTree = "<group>"; };
		0C8981F32B4667AC008CFD5D /* FlossRecordDataSource.swift */ = {isa = PBXFileReference; lastKnownFileType = sourcecode.swift; path = FlossRecordDataSource.swift; sourceTree = "<group>"; };
		0C90A2F42B6D796800015298 /* PersistenceDelegate.swift */ = {isa = PBXFileReference; lastKnownFileType = sourcecode.swift; path = PersistenceDelegate.swift; sourceTree = "<group>"; };
		0CB26C622BB398A600CB1A43 /* FlossRecordsRepositoryProtocol.swift */ = {isa = PBXFileReference; lastKnownFileType = sourcecode.swift; path = FlossRecordsRepositoryProtocol.swift; sourceTree = "<group>"; };
		5625BFD42B439A5C006F88BD /* README.md */ = {isa = PBXFileReference; fileEncoding = 4; lastKnownFileType = net.daringfireball.markdown; path = README.md; sourceTree = "<group>"; };
		562749CE2B43A64C004F37A0 /* Info.plist */ = {isa = PBXFileReference; lastKnownFileType = text.plist; path = Info.plist; sourceTree = "<group>"; };
		56C33DF32B3CAA1000D8DEB7 /* DidIFloss.app */ = {isa = PBXFileReference; explicitFileType = wrapper.application; includeInIndex = 0; path = DidIFloss.app; sourceTree = BUILT_PRODUCTS_DIR; };
		56C33DF62B3CAA1000D8DEB7 /* DidIFlossApp.swift */ = {isa = PBXFileReference; lastKnownFileType = sourcecode.swift; path = DidIFlossApp.swift; sourceTree = "<group>"; };
		56C33DFA2B3CAA1500D8DEB7 /* Assets.xcassets */ = {isa = PBXFileReference; lastKnownFileType = folder.assetcatalog; path = Assets.xcassets; sourceTree = "<group>"; };
		56C33DFC2B3CAA1500D8DEB7 /* DidIFloss.entitlements */ = {isa = PBXFileReference; lastKnownFileType = text.plist.entitlements; path = DidIFloss.entitlements; sourceTree = "<group>"; };
		56C33E092B3CCA9E00D8DEB7 /* PersistenceManager.swift */ = {isa = PBXFileReference; lastKnownFileType = sourcecode.swift; path = PersistenceManager.swift; sourceTree = "<group>"; };
/* End PBXFileReference section */

/* Begin PBXFileSystemSynchronizedBuildFileExceptionSet section */
		0C6CCCBC2FCFBCD3000E0DEE /* PBXFileSystemSynchronizedBuildFileExceptionSet */ = {
			isa = PBXFileSystemSynchronizedBuildFileExceptionSet;
			membershipExceptions = (
				DidIFloss.xctestplan,
			);
			target = 0C2EF6582B710E0300AFF9D4 /* DidIFlossTests */;
		};
/* End PBXFileSystemSynchronizedBuildFileExceptionSet section */

/* Begin PBXFileSystemSynchronizedRootGroup section */
		0C6CCCAD2FCFBCD2000E0DEE /* DidIFlossTests */ = {isa = PBXFileSystemSynchronizedRootGroup; exceptions = (0C6CCCBC2FCFBCD3000E0DEE /* PBXFileSystemSynchronizedBuildFileExceptionSet */, ); explicitFileTypes = {}; explicitFolders = (); path = DidIFlossTests; sourceTree = "<group>"; };
		0C6CCCFD2FCFBCF0000E0DEE /* Core */ = {isa = PBXFileSystemSynchronizedRootGroup; explicitFileTypes = {}; explicitFolders = (); path = Core; sourceTree = "<group>"; };
		0C6CCD122FCFBCF4000E0DEE /* UseCases */ = {isa = PBXFileSystemSynchronizedRootGroup; explicitFileTypes = {}; explicitFolders = (); path = UseCases; sourceTree = "<group>"; };
		0C6CCD172FCFBCF7000E0DEE /* Extensions */ = {isa = PBXFileSystemSynchronizedRootGroup; explicitFileTypes = {}; explicitFolders = (); path = Extensions; sourceTree = "<group>"; };
		0C6CCD1C2FCFBCF9000E0DEE /* Fonts */ = {isa = PBXFileSystemSynchronizedRootGroup; explicitFileTypes = {}; explicitFolders = (); path = Fonts; sourceTree = "<group>"; };
		0C6CCD1F2FCFBCFC000E0DEE /* Preview Content */ = {isa = PBXFileSystemSynchronizedRootGroup; explicitFileTypes = {}; explicitFolders = (); path = "Preview Content"; sourceTree = "<group>"; };
		0C6CCD2A2FCFBD02000E0DEE /* UserFeedback */ = {isa = PBXFileSystemSynchronizedRootGroup; explicitFileTypes = {}; explicitFolders = (); path = UserFeedback; sourceTree = "<group>"; };
		0C6CCD312FCFBD09000E0DEE /* StreakManager */ = {isa = PBXFileSystemSynchronizedRootGroup; explicitFileTypes = {}; explicitFolders = (); path = StreakManager; sourceTree = "<group>"; };
		0C6CCD372FCFBD12000E0DEE /* AddFloss */ = {isa = PBXFileSystemSynchronizedRootGroup; explicitFileTypes = {}; explicitFolders = (); path = AddFloss; sourceTree = "<group>"; };
		0C6CCD402FCFBD16000E0DEE /* LogRecords */ = {isa = PBXFileSystemSynchronizedRootGroup; explicitFileTypes = {}; explicitFolders = (); path = LogRecords; sourceTree = "<group>"; };
		0C6CCD582FCFBD18000E0DEE /* Home */ = {isa = PBXFileSystemSynchronizedRootGroup; explicitFileTypes = {}; explicitFolders = (); path = Home; sourceTree = "<group>"; };
		0C6CCD692FCFBD1B000E0DEE /* Onboarding */ = {isa = PBXFileSystemSynchronizedRootGroup; explicitFileTypes = {}; explicitFolders = (); path = Onboarding; sourceTree = "<group>"; };
/* End PBXFileSystemSynchronizedRootGroup section */

/* Begin PBXFrameworksBuildPhase section */
		0C2EF6562B710E0300AFF9D4 /* Frameworks */ = {
			isa = PBXFrameworksBuildPhase;
			buildActionMask = 2147483647;
			files = (
			);
			runOnlyForDeploymentPostprocessing = 0;
		};
		56C33DF02B3CAA1000D8DEB7 /* Frameworks */ = {
			isa = PBXFrameworksBuildPhase;
			buildActionMask = 2147483647;
			files = (
				0C64B4C22FCFC53E007DAD94 /* FlossyNotification in Frameworks */,
			);
			runOnlyForDeploymentPostprocessing = 0;
		};
/* End PBXFrameworksBuildPhase section */

/* Begin PBXGroup section */
		0C4177A82B4CF9B000E8976B /* Extensions */ = {
			isa = PBXGroup;
			children = (
				0C7E923E2B470FD30079525D /* PersistenceManager+KEYS.swift */,
				0C4177A92B4CF9CB00E8976B /* UserDefaults.swift */,
			);
			path = Extensions;
			sourceTree = "<group>";
		};
		0C7E92362B46FDD30079525D /* Persistence */ = {
			isa = PBXGroup;
			children = (
				56C33E092B3CCA9E00D8DEB7 /* PersistenceManager.swift */,
				0C8981F32B4667AC008CFD5D /* FlossRecordDataSource.swift */,
				0C4177A82B4CF9B000E8976B /* Extensions */,
				0C7E92472B479E3A0079525D /* Protocols */,
			);
			path = Persistence;
			sourceTree = "<group>";
		};
		0C7E92472B479E3A0079525D /* Protocols */ = {
			isa = PBXGroup;
			children = (
				0C7E923A2B470DB00079525D /* UserDefaultable.swift */,
				0C7E92452B479E170079525D /* FlossRecordDataProviderProtocol.swift */,
				0C7E923C2B470DDB0079525D /* PersistenceManagerProtocol.swift */,
				0CB26C622BB398A600CB1A43 /* FlossRecordsRepositoryProtocol.swift */,
				0C90A2F42B6D796800015298 /* PersistenceDelegate.swift */,
			);
			path = Protocols;
			sourceTree = "<group>";
		};
		0C8E9BEF2CD12A53001F6AF0 /* Feature */ = {
			isa = PBXGroup;
			children = (
				0C6CCD2A2FCFBD02000E0DEE /* UserFeedback */,
				0C6CCD312FCFBD09000E0DEE /* StreakManager */,
				0C7E92362B46FDD30079525D /* Persistence */,
				0C6CCD372FCFBD12000E0DEE /* AddFloss */,
				0C6CCD402FCFBD16000E0DEE /* LogRecords */,
				0C6CCD582FCFBD18000E0DEE /* Home */,
				0C6CCD692FCFBD1B000E0DEE /* Onboarding */,
			);
			path = Feature;
			sourceTree = "<group>";
		};
		56C33DEA2B3CAA1000D8DEB7 = {
			isa = PBXGroup;
			children = (
				0C64B4BF2FCFC39B007DAD94 /* FlossyNotification */,
				5625BFD42B439A5C006F88BD /* README.md */,
				56C33DF52B3CAA1000D8DEB7 /* DidIFloss */,
				0C6CCCAD2FCFBCD2000E0DEE /* DidIFlossTests */,
				56C33DF42B3CAA1000D8DEB7 /* Products */,
			);
			sourceTree = "<group>";
		};
		56C33DF42B3CAA1000D8DEB7 /* Products */ = {
			isa = PBXGroup;
			children = (
				56C33DF32B3CAA1000D8DEB7 /* DidIFloss.app */,
				0C2EF6592B710E0300AFF9D4 /* DidIFlossTests.xctest */,
			);
			name = Products;
			sourceTree = "<group>";
		};
		56C33DF52B3CAA1000D8DEB7 /* DidIFloss */ = {
			isa = PBXGroup;
			children = (
				0C8E9BEF2CD12A53001F6AF0 /* Feature */,
				0C6CCCFD2FCFBCF0000E0DEE /* Core */,
				562749CE2B43A64C004F37A0 /* Info.plist */,
				56C33DF62B3CAA1000D8DEB7 /* DidIFlossApp.swift */,
				0C6CCD122FCFBCF4000E0DEE /* UseCases */,
				0C6CCD172FCFBCF7000E0DEE /* Extensions */,
				56C33DFA2B3CAA1500D8DEB7 /* Assets.xcassets */,
				0C196DFE2B614E7600EDD0B3 /* Launch Screen.storyboard */,
				56C33DFC2B3CAA1500D8DEB7 /* DidIFloss.entitlements */,
				0C6CCD1C2FCFBCF9000E0DEE /* Fonts */,
				0C6CCD1F2FCFBCFC000E0DEE /* Preview Content */,
			);
			path = DidIFloss;
			sourceTree = "<group>";
		};
/* End PBXGroup section */

/* Begin PBXNativeTarget section */
		0C2EF6582B710E0300AFF9D4 /* DidIFlossTests */ = {
			isa = PBXNativeTarget;
			buildConfigurationList = 0C2EF65F2B710E0400AFF9D4 /* Build configuration list for PBXNativeTarget "DidIFlossTests" */;
			buildPhases = (
				0C2EF6552B710E0300AFF9D4 /* Sources */,
				0C2EF6562B710E0300AFF9D4 /* Frameworks */,
				0C2EF6572B710E0300AFF9D4 /* Resources */,
			);
			buildRules = (
			);
			dependencies = (
				0C2EF65E2B710E0300AFF9D4 /* PBXTargetDependency */,
			);
			fileSystemSynchronizedGroups = (
				0C6CCCAD2FCFBCD2000E0DEE /* DidIFlossTests */,
			);
			name = DidIFlossTests;
			productName = DidIFlossTests;
			productReference = 0C2EF6592B710E0300AFF9D4 /* DidIFlossTests.xctest */;
			productType = "com.apple.product-type.bundle.unit-test";
		};
		56C33DF22B3CAA1000D8DEB7 /* DidIFloss */ = {
			isa = PBXNativeTarget;
			buildConfigurationList = 56C33E022B3CAA1500D8DEB7 /* Build configuration list for PBXNativeTarget "DidIFloss" */;
			buildPhases = (
				56C33DEF2B3CAA1000D8DEB7 /* Sources */,
				56C33DF02B3CAA1000D8DEB7 /* Frameworks */,
				56C33DF12B3CAA1000D8DEB7 /* Resources */,
				0C916C4E2B6C75600041FE3B /* Embed Frameworks */,
			);
			buildRules = (
			);
			dependencies = (
			);
			fileSystemSynchronizedGroups = (
				0C6CCCFD2FCFBCF0000E0DEE /* Core */,
				0C6CCD122FCFBCF4000E0DEE /* UseCases */,
				0C6CCD172FCFBCF7000E0DEE /* Extensions */,
				0C6CCD1C2FCFBCF9000E0DEE /* Fonts */,
				0C6CCD1F2FCFBCFC000E0DEE /* Preview Content */,
				0C6CCD2A2FCFBD02000E0DEE /* UserFeedback */,
				0C6CCD312FCFBD09000E0DEE /* StreakManager */,
				0C6CCD372FCFBD12000E0DEE /* AddFloss */,
				0C6CCD402FCFBD16000E0DEE /* LogRecords */,
				0C6CCD582FCFBD18000E0DEE /* Home */,
				0C6CCD692FCFBD1B000E0DEE /* Onboarding */,
			);
			name = DidIFloss;
			packageProductDependencies = (
				0C64B4C12FCFC53E007DAD94 /* FlossyNotification */,
			);
			productName = DidIFloss;
			productReference = 56C33DF32B3CAA1000D8DEB7 /* DidIFloss.app */;
			productType = "com.apple.product-type.application";
		};
/* End PBXNativeTarget section */

/* Begin PBXProject section */
		56C33DEB2B3CAA1000D8DEB7 /* Project object */ = {
			isa = PBXProject;
			attributes = {
				BuildIndependentTargetsInParallel = 1;
				LastSwiftUpdateCheck = 1520;
				LastUpgradeCheck = 2650;
				TargetAttributes = {
					0C2EF6582B710E0300AFF9D4 = {
						CreatedOnToolsVersion = 15.2;
						LastSwiftMigration = 1520;
						TestTargetID = 56C33DF22B3CAA1000D8DEB7;
					};
					56C33DF22B3CAA1000D8DEB7 = {
						CreatedOnToolsVersion = 15.1;
					};
				};
			};
			buildConfigurationList = 56C33DEE2B3CAA1000D8DEB7 /* Build configuration list for PBXProject "DidIFloss" */;
			compatibilityVersion = "Xcode 14.0";
			developmentRegion = en;
			hasScannedForEncodings = 0;
			knownRegions = (
				en,
				Base,
			);
			mainGroup = 56C33DEA2B3CAA1000D8DEB7;
			packageReferences = (
			);
			productRefGroup = 56C33DF42B3CAA1000D8DEB7 /* Products */;
			projectDirPath = "";
			projectRoot = "";
			targets = (
				56C33DF22B3CAA1000D8DEB7 /* DidIFloss */,
				0C2EF6582B710E0300AFF9D4 /* DidIFlossTests */,
			);
		};
/* End PBXProject section */

/* Begin PBXResourcesBuildPhase section */
		0C2EF6572B710E0300AFF9D4 /* Resources */ = {
			isa = PBXResourcesBuildPhase;
			buildActionMask = 2147483647;
			files = (
			);
			runOnlyForDeploymentPostprocessing = 0;
		};
		56C33DF12B3CAA1000D8DEB7 /* Resources */ = {
			isa = PBXResourcesBuildPhase;
			buildActionMask = 2147483647;
			files = (
				5625BFD52B439A5C006F88BD /* README.md in Resources */,
				0C196DFF2B614E7600EDD0B3 /* Launch Screen.storyboard in Resources */,
				56C33DFB2B3CAA1500D8DEB7 /* Assets.xcassets in Resources */,
			);
			runOnlyForDeploymentPostprocessing = 0;
		};
/* End PBXResourcesBuildPhase section */

/* Begin PBXSourcesBuildPhase section */
		0C2EF6552B710E0300AFF9D4 /* Sources */ = {
			isa = PBXSourcesBuildPhase;
			buildActionMask = 2147483647;
			files = (
			);
			runOnlyForDeploymentPostprocessing = 0;
		};
		56C33DEF2B3CAA1000D8DEB7 /* Sources */ = {
			isa = PBXSourcesBuildPhase;
			buildActionMask = 2147483647;
			files = (
				56C33DF72B3CAA1000D8DEB7 /* DidIFlossApp.swift in Sources */,
				0C7E923B2B470DB00079525D /* UserDefaultable.swift in Sources */,
				0C7E92462B479E170079525D /* FlossRecordDataProviderProtocol.swift in Sources */,
				0C8981F42B4667AC008CFD5D /* FlossRecordDataSource.swift in Sources */,
				0C7E923F2B470FD30079525D /* PersistenceManager+KEYS.swift in Sources */,
				0C90A2F52B6D796800015298 /* PersistenceDelegate.swift in Sources */,
				0CB26C632BB398A600CB1A43 /* FlossRecordsRepositoryProtocol.swift in Sources */,
				56C33E0A2B3CCA9E00D8DEB7 /* PersistenceManager.swift in Sources */,
				0C4177AA2B4CF9CB00E8976B /* UserDefaults.swift in Sources */,
				0C7E923D2B470DDB0079525D /* PersistenceManagerProtocol.swift in Sources */,
			);
			runOnlyForDeploymentPostprocessing = 0;
		};
/* End PBXSourcesBuildPhase section */

/* Begin PBXTargetDependency section */
		0C2EF65E2B710E0300AFF9D4 /* PBXTargetDependency */ = {
			isa = PBXTargetDependency;
			target = 56C33DF22B3CAA1000D8DEB7 /* DidIFloss */;
			targetProxy = 0C2EF65D2B710E0300AFF9D4 /* PBXContainerItemProxy */;
		};
/* End PBXTargetDependency section */

/* Begin XCBuildConfiguration section */
		0C2EF6602B710E0400AFF9D4 /* Debug */ = {
			isa = XCBuildConfiguration;
			buildSettings = {
				BUNDLE_LOADER = "$(TEST_HOST)";
				CLANG_ENABLE_MODULES = YES;
				CODE_SIGN_STYLE = Automatic;
				CURRENT_PROJECT_VERSION = 1;
				GENERATE_INFOPLIST_FILE = YES;
				IPHONEOS_DEPLOYMENT_TARGET = 17.2;
				MARKETING_VERSION = 1.0;
				PRODUCT_BUNDLE_IDENTIFIER = com.pb.PedalBoard.DidIFlossTests;
				PRODUCT_NAME = "$(TARGET_NAME)";
				SDKROOT = iphoneos;
				SWIFT_EMIT_LOC_STRINGS = NO;
				SWIFT_OPTIMIZATION_LEVEL = "-Onone";
				SWIFT_VERSION = 5.0;
				TARGETED_DEVICE_FAMILY = "1,2";
				TEST_HOST = "$(BUILT_PRODUCTS_DIR)/DidIFloss.app/$(BUNDLE_EXECUTABLE_FOLDER_PATH)/DidIFloss";
			};
			name = Debug;
		};
		0C2EF6612B710E0400AFF9D4 /* Release */ = {
			isa = XCBuildConfiguration;
			buildSettings = {
				BUNDLE_LOADER = "$(TEST_HOST)";
				CLANG_ENABLE_MODULES = YES;
				CODE_SIGN_STYLE = Automatic;
				CURRENT_PROJECT_VERSION = 1;
				GENERATE_INFOPLIST_FILE = YES;
				IPHONEOS_DEPLOYMENT_TARGET = 17.2;
				MARKETING_VERSION = 1.0;
				PRODUCT_BUNDLE_IDENTIFIER = com.pb.PedalBoard.DidIFlossTests;
				PRODUCT_NAME = "$(TARGET_NAME)";
				SDKROOT = iphoneos;
				SWIFT_EMIT_LOC_STRINGS = NO;
				SWIFT_VERSION = 5.0;
				TARGETED_DEVICE_FAMILY = "1,2";
				TEST_HOST = "$(BUILT_PRODUCTS_DIR)/DidIFloss.app/$(BUNDLE_EXECUTABLE_FOLDER_PATH)/DidIFloss";
				VALIDATE_PRODUCT = YES;
			};
			name = Release;
		};
		56C33E002B3CAA1500D8DEB7 /* Debug */ = {
			isa = XCBuildConfiguration;
			buildSettings = {
				ALWAYS_SEARCH_USER_PATHS = NO;
				ASSETCATALOG_COMPILER_GENERATE_SWIFT_ASSET_SYMBOL_EXTENSIONS = YES;
				CLANG_ANALYZER_NONNULL = YES;
				CLANG_ANALYZER_NUMBER_OBJECT_CONVERSION = YES_AGGRESSIVE;
				CLANG_CXX_LANGUAGE_STANDARD = "gnu++20";
				CLANG_ENABLE_MODULES = YES;
				CLANG_ENABLE_OBJC_ARC = YES;
				CLANG_ENABLE_OBJC_WEAK = YES;
				CLANG_WARN_BLOCK_CAPTURE_AUTORELEASING = YES;
				CLANG_WARN_BOOL_CONVERSION = YES;
				CLANG_WARN_COMMA = YES;
				CLANG_WARN_CONSTANT_CONVERSION = YES;
				CLANG_WARN_DEPRECATED_OBJC_IMPLEMENTATIONS = YES;
				CLANG_WARN_DIRECT_OBJC_ISA_USAGE = YES_ERROR;
				CLANG_WARN_DOCUMENTATION_COMMENTS = YES;
				CLANG_WARN_EMPTY_BODY = YES;
				CLANG_WARN_ENUM_CONVERSION = YES;
				CLANG_WARN_INFINITE_RECURSION = YES;
				CLANG_WARN_INT_CONVERSION = YES;
				CLANG_WARN_NON_LITERAL_NULL_CONVERSION = YES;
				CLANG_WARN_OBJC_IMPLICIT_RETAIN_SELF = YES;
				CLANG_WARN_OBJC_LITERAL_CONVERSION = YES;
				CLANG_WARN_OBJC_ROOT_CLASS = YES_ERROR;
				CLANG_WARN_QUOTED_INCLUDE_IN_FRAMEWORK_HEADER = YES;
				CLANG_WARN_RANGE_LOOP_ANALYSIS = YES;
				CLANG_WARN_STRICT_PROTOTYPES = YES;
				CLANG_WARN_SUSPICIOUS_MOVE = YES;
				CLANG_WARN_UNGUARDED_AVAILABILITY = YES_AGGRESSIVE;
				CLANG_WARN_UNREACHABLE_CODE = YES;
				CLANG_WARN__DUPLICATE_METHOD_MATCH = YES;
				COPY_PHASE_STRIP = NO;
				DEAD_CODE_STRIPPING = YES;
				DEBUG_INFORMATION_FORMAT = dwarf;
				DEVELOPMENT_TEAM = 749Q737TF5;
				ENABLE_STRICT_OBJC_MSGSEND = YES;
				ENABLE_TESTABILITY = YES;
				ENABLE_USER_SCRIPT_SANDBOXING = YES;
				GCC_C_LANGUAGE_STANDARD = gnu17;
				GCC_DYNAMIC_NO_PIC = NO;
				GCC_NO_COMMON_BLOCKS = YES;
				GCC_OPTIMIZATION_LEVEL = 0;
				GCC_PREPROCESSOR_DEFINITIONS = (
					"DEBUG=1",
					"$(inherited)",
				);
				GCC_WARN_64_TO_32_BIT_CONVERSION = YES;
				GCC_WARN_ABOUT_RETURN_TYPE = YES_ERROR;
				GCC_WARN_UNDECLARED_SELECTOR = YES;
				GCC_WARN_UNINITIALIZED_AUTOS = YES_AGGRESSIVE;
				GCC_WARN_UNUSED_FUNCTION = YES;
				GCC_WARN_UNUSED_VARIABLE = YES;
				LOCALIZATION_PREFERS_STRING_CATALOGS = YES;
				MTL_ENABLE_DEBUG_INFO = INCLUDE_SOURCE;
				MTL_FAST_MATH = YES;
				ONLY_ACTIVE_ARCH = YES;
				STRING_CATALOG_GENERATE_SYMBOLS = YES;
				SWIFT_ACTIVE_COMPILATION_CONDITIONS = "DEBUG $(inherited)";
				SWIFT_OPTIMIZATION_LEVEL = "-Onone";
			};
			name = Debug;
		};
		56C33E012B3CAA1500D8DEB7 /* Release */ = {
			isa = XCBuildConfiguration;
			buildSettings = {
				ALWAYS_SEARCH_USER_PATHS = NO;
				ASSETCATALOG_COMPILER_GENERATE_SWIFT_ASSET_SYMBOL_EXTENSIONS = YES;
				CLANG_ANALYZER_NONNULL = YES;
				CLANG_ANALYZER_NUMBER_OBJECT_CONVERSION = YES_AGGRESSIVE;
				CLANG_CXX_LANGUAGE_STANDARD = "gnu++20";
				CLANG_ENABLE_MODULES = YES;
				CLANG_ENABLE_OBJC_ARC = YES;
				CLANG_ENABLE_OBJC_WEAK = YES;
				CLANG_WARN_BLOCK_CAPTURE_AUTORELEASING = YES;
				CLANG_WARN_BOOL_CONVERSION = YES;
				CLANG_WARN_COMMA = YES;
				CLANG_WARN_CONSTANT_CONVERSION = YES;
				CLANG_WARN_DEPRECATED_OBJC_IMPLEMENTATIONS = YES;
				CLANG_WARN_DIRECT_OBJC_ISA_USAGE = YES_ERROR;
				CLANG_WARN_DOCUMENTATION_COMMENTS = YES;
				CLANG_WARN_EMPTY_BODY = YES;
				CLANG_WARN_ENUM_CONVERSION = YES;
				CLANG_WARN_INFINITE_RECURSION = YES;
				CLANG_WARN_INT_CONVERSION = YES;
				CLANG_WARN_NON_LITERAL_NULL_CONVERSION = YES;
				CLANG_WARN_OBJC_IMPLICIT_RETAIN_SELF = YES;
				CLANG_WARN_OBJC_LITERAL_CONVERSION = YES;
				CLANG_WARN_OBJC_ROOT_CLASS = YES_ERROR;
				CLANG_WARN_QUOTED_INCLUDE_IN_FRAMEWORK_HEADER = YES;
				CLANG_WARN_RANGE_LOOP_ANALYSIS = YES;
				CLANG_WARN_STRICT_PROTOTYPES = YES;
				CLANG_WARN_SUSPICIOUS_MOVE = YES;
				CLANG_WARN_UNGUARDED_AVAILABILITY = YES_AGGRESSIVE;
				CLANG_WARN_UNREACHABLE_CODE = YES;
				CLANG_WARN__DUPLICATE_METHOD_MATCH = YES;
				COPY_PHASE_STRIP = NO;
				DEAD_CODE_STRIPPING = YES;
				DEBUG_INFORMATION_FORMAT = "dwarf-with-dsym";
				DEVELOPMENT_TEAM = 749Q737TF5;
				ENABLE_NS_ASSERTIONS = NO;
				ENABLE_STRICT_OBJC_MSGSEND = YES;
				ENABLE_USER_SCRIPT_SANDBOXING = YES;
				GCC_C_LANGUAGE_STANDARD = gnu17;
				GCC_NO_COMMON_BLOCKS = YES;
				GCC_WARN_64_TO_32_BIT_CONVERSION = YES;
				GCC_WARN_ABOUT_RETURN_TYPE = YES_ERROR;
				GCC_WARN_UNDECLARED_SELECTOR = YES;
				GCC_WARN_UNINITIALIZED_AUTOS = YES_AGGRESSIVE;
				GCC_WARN_UNUSED_FUNCTION = YES;
				GCC_WARN_UNUSED_VARIABLE = YES;
				LOCALIZATION_PREFERS_STRING_CATALOGS = YES;
				MTL_ENABLE_DEBUG_INFO = NO;
				MTL_FAST_MATH = YES;
				STRING_CATALOG_GENERATE_SYMBOLS = YES;
				SWIFT_COMPILATION_MODE = wholemodule;
			};
			name = Release;
		};
		56C33E032B3CAA1500D8DEB7 /* Debug */ = {
			isa = XCBuildConfiguration;
			buildSettings = {
				ASSETCATALOG_COMPILER_APPICON_NAME = AppIcon;
				ASSETCATALOG_COMPILER_GLOBAL_ACCENT_COLOR_NAME = AccentColor;
				CODE_SIGN_ENTITLEMENTS = DidIFloss/DidIFloss.entitlements;
				CODE_SIGN_STYLE = Automatic;
				CURRENT_PROJECT_VERSION = 3;
				DEAD_CODE_STRIPPING = YES;
				DEVELOPMENT_ASSET_PATHS = "\"DidIFloss/Preview Content\"";
				ENABLE_HARDENED_RUNTIME = YES;
				ENABLE_PREVIEWS = YES;
				GENERATE_INFOPLIST_FILE = YES;
				INFOPLIST_FILE = DidIFloss/Info.plist;
				INFOPLIST_KEY_CFBundleDisplayName = Flossy;
				INFOPLIST_KEY_LSApplicationCategoryType = "public.app-category.healthcare-fitness";
				"INFOPLIST_KEY_UIApplicationSceneManifest_Generation[sdk=iphoneos*]" = YES;
				"INFOPLIST_KEY_UIApplicationSceneManifest_Generation[sdk=iphonesimulator*]" = YES;
				"INFOPLIST_KEY_UIApplicationSupportsIndirectInputEvents[sdk=iphoneos*]" = YES;
				"INFOPLIST_KEY_UIApplicationSupportsIndirectInputEvents[sdk=iphonesimulator*]" = YES;
				"INFOPLIST_KEY_UILaunchScreen_Generation[sdk=iphoneos*]" = YES;
				"INFOPLIST_KEY_UILaunchScreen_Generation[sdk=iphonesimulator*]" = YES;
				INFOPLIST_KEY_UILaunchStoryboardName = "Launch Screen.storyboard";
				"INFOPLIST_KEY_UIStatusBarStyle[sdk=iphoneos*]" = UIStatusBarStyleDefault;
				"INFOPLIST_KEY_UIStatusBarStyle[sdk=iphonesimulator*]" = UIStatusBarStyleDefault;
				INFOPLIST_KEY_UISupportedInterfaceOrientations = UIInterfaceOrientationPortrait;
				INFOPLIST_KEY_UISupportedInterfaceOrientations_iPad = "UIInterfaceOrientationLandscapeLeft UIInterfaceOrientationLandscapeRight UIInterfaceOrientationPortrait UIInterfaceOrientationPortraitUpsideDown";
				IPHONEOS_DEPLOYMENT_TARGET = 17.2;
				LD_RUNPATH_SEARCH_PATHS = "@executable_path/Frameworks";
				"LD_RUNPATH_SEARCH_PATHS[sdk=macosx*]" = "@executable_path/../Frameworks";
				MACOSX_DEPLOYMENT_TARGET = 13.6;
				MARKETING_VERSION = 1.2;
				PRODUCT_BUNDLE_IDENTIFIER = "Matheus-Migge.DidIFloss";
				PRODUCT_NAME = "$(TARGET_NAME)";
				SDKROOT = auto;
				SUPPORTED_PLATFORMS = "iphoneos iphonesimulator";
				SUPPORTS_MACCATALYST = NO;
				SWIFT_EMIT_LOC_STRINGS = YES;
				SWIFT_VERSION = 5.0;
				TARGETED_DEVICE_FAMILY = 1;
			};
			name = Debug;
		};
		56C33E042B3CAA1500D8DEB7 /* Release */ = {
			isa = XCBuildConfiguration;
			buildSettings = {
				ASSETCATALOG_COMPILER_APPICON_NAME = AppIcon;
				ASSETCATALOG_COMPILER_GLOBAL_ACCENT_COLOR_NAME = AccentColor;
				CODE_SIGN_ENTITLEMENTS = DidIFloss/DidIFloss.entitlements;
				CODE_SIGN_STYLE = Automatic;
				CURRENT_PROJECT_VERSION = 3;
				DEAD_CODE_STRIPPING = YES;
				DEVELOPMENT_ASSET_PATHS = "\"DidIFloss/Preview Content\"";
				ENABLE_HARDENED_RUNTIME = YES;
				ENABLE_PREVIEWS = YES;
				GENERATE_INFOPLIST_FILE = YES;
				INFOPLIST_FILE = DidIFloss/Info.plist;
				INFOPLIST_KEY_CFBundleDisplayName = Flossy;
				INFOPLIST_KEY_LSApplicationCategoryType = "public.app-category.healthcare-fitness";
				"INFOPLIST_KEY_UIApplicationSceneManifest_Generation[sdk=iphoneos*]" = YES;
				"INFOPLIST_KEY_UIApplicationSceneManifest_Generation[sdk=iphonesimulator*]" = YES;
				"INFOPLIST_KEY_UIApplicationSupportsIndirectInputEvents[sdk=iphoneos*]" = YES;
				"INFOPLIST_KEY_UIApplicationSupportsIndirectInputEvents[sdk=iphonesimulator*]" = YES;
				"INFOPLIST_KEY_UILaunchScreen_Generation[sdk=iphoneos*]" = YES;
				"INFOPLIST_KEY_UILaunchScreen_Generation[sdk=iphonesimulator*]" = YES;
				INFOPLIST_KEY_UILaunchStoryboardName = "Launch Screen.storyboard";
				"INFOPLIST_KEY_UIStatusBarStyle[sdk=iphoneos*]" = UIStatusBarStyleDefault;
				"INFOPLIST_KEY_UIStatusBarStyle[sdk=iphonesimulator*]" = UIStatusBarStyleDefault;
				INFOPLIST_KEY_UISupportedInterfaceOrientations = UIInterfaceOrientationPortrait;
				INFOPLIST_KEY_UISupportedInterfaceOrientations_iPad = "UIInterfaceOrientationLandscapeLeft UIInterfaceOrientationLandscapeRight UIInterfaceOrientationPortrait UIInterfaceOrientationPortraitUpsideDown";
				IPHONEOS_DEPLOYMENT_TARGET = 17.2;
				LD_RUNPATH_SEARCH_PATHS = "@executable_path/Frameworks";
				"LD_RUNPATH_SEARCH_PATHS[sdk=macosx*]" = "@executable_path/../Frameworks";
				MACOSX_DEPLOYMENT_TARGET = 13.6;
				MARKETING_VERSION = 1.2;
				PRODUCT_BUNDLE_IDENTIFIER = "Matheus-Migge.DidIFloss";
				PRODUCT_NAME = "$(TARGET_NAME)";
				SDKROOT = auto;
				SUPPORTED_PLATFORMS = "iphoneos iphonesimulator";
				SUPPORTS_MACCATALYST = NO;
				SWIFT_EMIT_LOC_STRINGS = YES;
				SWIFT_VERSION = 5.0;
				TARGETED_DEVICE_FAMILY = 1;
			};
			name = Release;
		};
/* End XCBuildConfiguration section */

/* Begin XCConfigurationList section */
		0C2EF65F2B710E0400AFF9D4 /* Build configuration list for PBXNativeTarget "DidIFlossTests" */ = {
			isa = XCConfigurationList;
			buildConfigurations = (
				0C2EF6602B710E0400AFF9D4 /* Debug */,
				0C2EF6612B710E0400AFF9D4 /* Release */,
			);
			defaultConfigurationIsVisible = 0;
			defaultConfigurationName = Release;
		};
		56C33DEE2B3CAA1000D8DEB7 /* Build configuration list for PBXProject "DidIFloss" */ = {
			isa = XCConfigurationList;
			buildConfigurations = (
				56C33E002B3CAA1500D8DEB7 /* Debug */,
				56C33E012B3CAA1500D8DEB7 /* Release */,
			);
			defaultConfigurationIsVisible = 0;
			defaultConfigurationName = Release;
		};
		56C33E022B3CAA1500D8DEB7 /* Build configuration list for PBXNativeTarget "DidIFloss" */ = {
			isa = XCConfigurationList;
			buildConfigurations = (
				56C33E032B3CAA1500D8DEB7 /* Debug */,
				56C33E042B3CAA1500D8DEB7 /* Release */,
			);
			defaultConfigurationIsVisible = 0;
			defaultConfigurationName = Release;
		};
/* End XCConfigurationList section */

/* Begin XCSwiftPackageProductDependency section */
		0C64B4C12FCFC53E007DAD94 /* FlossyNotification */ = {
			isa = XCSwiftPackageProductDependency;
			productName = FlossyNotification;
		};
/* End XCSwiftPackageProductDependency section */
	};
	rootObject = 56C33DEB2B3CAA1000D8DEB7 /* Project object */;
}
